// !$*UTF8*$!
{
	archiveVersion = 1;
	classes = {
	};
	objectVersion = 50;
	objects = {

/* Begin PBXBuildFile section */
		3001B722882155E588F818EB /* Pods_CalibreSyncExtensionUI.framework in Frameworks */ = {isa = PBXBuildFile; fileRef = 412B219E692C805887668675 /* Pods_CalibreSyncExtensionUI.framework */; };
		42AD08F04E756BB4C2BF0618 /* Pods_CalibreSyncExtension.framework in Frameworks */ = {isa = PBXBuildFile; fileRef = 70028445722FDE70526D898B /* Pods_CalibreSyncExtension.framework */; };
		4D23D0FF74CCC8452DCA59D3 /* Pods_CalibreSyncUITests.framework in Frameworks */ = {isa = PBXBuildFile; fileRef = 04CC8FE716BBC9A5CB8E7BD5 /* Pods_CalibreSyncUITests.framework */; };
		8C3FBC2C21CB518700F6706D /* AppDelegate.swift in Sources */ = {isa = PBXBuildFile; fileRef = 8C3FBC2B21CB518700F6706D /* AppDelegate.swift */; };
		8C3FBC2E21CB518700F6706D /* MasterViewController.swift in Sources */ = {isa = PBXBuildFile; fileRef = 8C3FBC2D21CB518700F6706D /* MasterViewController.swift */; };
		8C3FBC3021CB518700F6706D /* DetailViewController.swift in Sources */ = {isa = PBXBuildFile; fileRef = 8C3FBC2F21CB518700F6706D /* DetailViewController.swift */; };
		8C3FBC3321CB518700F6706D /* Main.storyboard in Resources */ = {isa = PBXBuildFile; fileRef = 8C3FBC3121CB518700F6706D /* Main.storyboard */; };
		8C3FBC3521CB518800F6706D /* Assets.xcassets in Resources */ = {isa = PBXBuildFile; fileRef = 8C3FBC3421CB518800F6706D /* Assets.xcassets */; };
		8C3FBC3821CB518800F6706D /* LaunchScreen.storyboard in Resources */ = {isa = PBXBuildFile; fileRef = 8C3FBC3621CB518800F6706D /* LaunchScreen.storyboard */; };
		8C3FBC4321CB518900F6706D /* CalibreSyncTests.swift in Sources */ = {isa = PBXBuildFile; fileRef = 8C3FBC4221CB518900F6706D /* CalibreSyncTests.swift */; };
		8C3FBC4E21CB518900F6706D /* CalibreSyncUITests.swift in Sources */ = {isa = PBXBuildFile; fileRef = 8C3FBC4D21CB518900F6706D /* CalibreSyncUITests.swift */; };
		8C3FBC6221CB51A100F6706D /* FileProviderExtension.swift in Sources */ = {isa = PBXBuildFile; fileRef = 8C3FBC6121CB51A100F6706D /* FileProviderExtension.swift */; };
		8C3FBC6421CB51A100F6706D /* FileProviderItem.swift in Sources */ = {isa = PBXBuildFile; fileRef = 8C3FBC6321CB51A100F6706D /* FileProviderItem.swift */; };
		8C3FBC6621CB51A100F6706D /* FileProviderEnumerator.swift in Sources */ = {isa = PBXBuildFile; fileRef = 8C3FBC6521CB51A100F6706D /* FileProviderEnumerator.swift */; };
		8C3FBC7021CB51A100F6706D /* DocumentActionViewController.swift in Sources */ = {isa = PBXBuildFile; fileRef = 8C3FBC6F21CB51A100F6706D /* DocumentActionViewController.swift */; };
		8C3FBC7321CB51A100F6706D /* MainInterface.storyboard in Resources */ = {isa = PBXBuildFile; fileRef = 8C3FBC7121CB51A100F6706D /* MainInterface.storyboard */; };
		8C3FBC7721CB51A100F6706D /* CalibreSyncExtensionUI.appex in Embed App Extensions */ = {isa = PBXBuildFile; fileRef = 8C3FBC6D21CB51A100F6706D /* CalibreSyncExtensionUI.appex */; settings = {ATTRIBUTES = (RemoveHeadersOnCopy, ); }; };
		8C3FBC7A21CB51A100F6706D /* CalibreSyncExtension.appex in Embed App Extensions */ = {isa = PBXBuildFile; fileRef = 8C3FBC5F21CB51A100F6706D /* CalibreSyncExtension.appex */; settings = {ATTRIBUTES = (RemoveHeadersOnCopy, ); }; };
		8C3FBC8621CB5A7500F6706D /* FileProviderItem+Lookup.swift in Sources */ = {isa = PBXBuildFile; fileRef = 8C3FBC8521CB5A7500F6706D /* FileProviderItem+Lookup.swift */; };
		8C3FBC8821CB5D1B00F6706D /* FileProviderBackingModel.swift in Sources */ = {isa = PBXBuildFile; fileRef = 8C3FBC8721CB5D1B00F6706D /* FileProviderBackingModel.swift */; };
		8C3FBC8A21CBF51600F6706D /* Downloader.swift in Sources */ = {isa = PBXBuildFile; fileRef = 8C3FBC8921CBF51600F6706D /* Downloader.swift */; };
		DAF8C3679BA59A88B3804019 /* Pods_CalibreSyncTests.framework in Frameworks */ = {isa = PBXBuildFile; fileRef = 9D9232A288F776393251409D /* Pods_CalibreSyncTests.framework */; };
		F5FDF251A859E38AD2771CFB /* Pods_CalibreSync.framework in Frameworks */ = {isa = PBXBuildFile; fileRef = E46FB4125A625072798A0500 /* Pods_CalibreSync.framework */; };
/* End PBXBuildFile section */

/* Begin PBXContainerItemProxy section */
		8C3FBC3F21CB518900F6706D /* PBXContainerItemProxy */ = {
			isa = PBXContainerItemProxy;
			containerPortal = 8C3FBC2021CB518700F6706D /* Project object */;
			proxyType = 1;
			remoteGlobalIDString = 8C3FBC2721CB518700F6706D;
			remoteInfo = CalibreSync;
		};
		8C3FBC4A21CB518900F6706D /* PBXContainerItemProxy */ = {
			isa = PBXContainerItemProxy;
			containerPortal = 8C3FBC2021CB518700F6706D /* Project object */;
			proxyType = 1;
			remoteGlobalIDString = 8C3FBC2721CB518700F6706D;
			remoteInfo = CalibreSync;
		};
		8C3FBC7521CB51A100F6706D /* PBXContainerItemProxy */ = {
			isa = PBXContainerItemProxy;
			containerPortal = 8C3FBC2021CB518700F6706D /* Project object */;
			proxyType = 1;
			remoteGlobalIDString = 8C3FBC6C21CB51A100F6706D;
			remoteInfo = CalibreSyncExtensionUI;
		};
		8C3FBC7821CB51A100F6706D /* PBXContainerItemProxy */ = {
			isa = PBXContainerItemProxy;
			containerPortal = 8C3FBC2021CB518700F6706D /* Project object */;
			proxyType = 1;
			remoteGlobalIDString = 8C3FBC5E21CB51A100F6706D;
			remoteInfo = CalibreSyncExtension;
		};
/* End PBXContainerItemProxy section */

/* Begin PBXCopyFilesBuildPhase section */
		8C3FBC8121CB51A100F6706D /* Embed App Extensions */ = {
			isa = PBXCopyFilesBuildPhase;
			buildActionMask = 2147483647;
			dstPath = "";
			dstSubfolderSpec = 13;
			files = (
				8C3FBC7A21CB51A100F6706D /* CalibreSyncExtension.appex in Embed App Extensions */,
				8C3FBC7721CB51A100F6706D /* CalibreSyncExtensionUI.appex in Embed App Extensions */,
			);
			name = "Embed App Extensions";
			runOnlyForDeploymentPostprocessing = 0;
		};
/* End PBXCopyFilesBuildPhase section */

/* Begin PBXFileReference section */
		04CC8FE716BBC9A5CB8E7BD5 /* Pods_CalibreSyncUITests.framework */ = {isa = PBXFileReference; explicitFileType = wrapper.framework; includeInIndex = 0; path = Pods_CalibreSyncUITests.framework; sourceTree = BUILT_PRODUCTS_DIR; };
		0C253C137C63D577E1B1F895 /* Pods-CalibreSyncTests.release.xcconfig */ = {isa = PBXFileReference; includeInIndex = 1; lastKnownFileType = text.xcconfig; name = "Pods-CalibreSyncTests.release.xcconfig"; path = "Pods/Target Support Files/Pods-CalibreSyncTests/Pods-CalibreSyncTests.release.xcconfig"; sourceTree = "<group>"; };
		412B219E692C805887668675 /* Pods_CalibreSyncExtensionUI.framework */ = {isa = PBXFileReference; explicitFileType = wrapper.framework; includeInIndex = 0; path = Pods_CalibreSyncExtensionUI.framework; sourceTree = BUILT_PRODUCTS_DIR; };
		45F6CC6366916E6FF58C1468 /* Pods-CalibreSyncExtension.debug.xcconfig */ = {isa = PBXFileReference; includeInIndex = 1; lastKnownFileType = text.xcconfig; name = "Pods-CalibreSyncExtension.debug.xcconfig"; path = "Pods/Target Support Files/Pods-CalibreSyncExtension/Pods-CalibreSyncExtension.debug.xcconfig"; sourceTree = "<group>"; };
		5118CBA88636C94AF8528435 /* Pods-CalibreSync.debug.xcconfig */ = {isa = PBXFileReference; includeInIndex = 1; lastKnownFileType = text.xcconfig; name = "Pods-CalibreSync.debug.xcconfig"; path = "Pods/Target Support Files/Pods-CalibreSync/Pods-CalibreSync.debug.xcconfig"; sourceTree = "<group>"; };
		5F4FDAAA03ACD52B945ECAC3 /* Pods-CalibreSync.release.xcconfig */ = {isa = PBXFileReference; includeInIndex = 1; lastKnownFileType = text.xcconfig; name = "Pods-CalibreSync.release.xcconfig"; path = "Pods/Target Support Files/Pods-CalibreSync/Pods-CalibreSync.release.xcconfig"; sourceTree = "<group>"; };
		70028445722FDE70526D898B /* Pods_CalibreSyncExtension.framework */ = {isa = PBXFileReference; explicitFileType = wrapper.framework; includeInIndex = 0; path = Pods_CalibreSyncExtension.framework; sourceTree = BUILT_PRODUCTS_DIR; };
		8C3FBC2821CB518700F6706D /* CalibreSync.app */ = {isa = PBXFileReference; explicitFileType = wrapper.application; includeInIndex = 0; path = CalibreSync.app; sourceTree = BUILT_PRODUCTS_DIR; };
		8C3FBC2B21CB518700F6706D /* AppDelegate.swift */ = {isa = PBXFileReference; lastKnownFileType = sourcecode.swift; path = AppDelegate.swift; sourceTree = "<group>"; };
		8C3FBC2D21CB518700F6706D /* MasterViewController.swift */ = {isa = PBXFileReference; lastKnownFileType = sourcecode.swift; path = MasterViewController.swift; sourceTree = "<group>"; };
		8C3FBC2F21CB518700F6706D /* DetailViewController.swift */ = {isa = PBXFileReference; lastKnownFileType = sourcecode.swift; path = DetailViewController.swift; sourceTree = "<group>"; };
		8C3FBC3221CB518700F6706D /* Base */ = {isa = PBXFileReference; lastKnownFileType = file.storyboard; name = Base; path = Base.lproj/Main.storyboard; sourceTree = "<group>"; };
		8C3FBC3421CB518800F6706D /* Assets.xcassets */ = {isa = PBXFileReference; lastKnownFileType = folder.assetcatalog; path = Assets.xcassets; sourceTree = "<group>"; };
		8C3FBC3721CB518800F6706D /* Base */ = {isa = PBXFileReference; lastKnownFileType = file.storyboard; name = Base; path = Base.lproj/LaunchScreen.storyboard; sourceTree = "<group>"; };
		8C3FBC3921CB518800F6706D /* Info.plist */ = {isa = PBXFileReference; lastKnownFileType = text.plist.xml; path = Info.plist; sourceTree = "<group>"; };
		8C3FBC3E21CB518900F6706D /* CalibreSyncTests.xctest */ = {isa = PBXFileReference; explicitFileType = wrapper.cfbundle; includeInIndex = 0; path = CalibreSyncTests.xctest; sourceTree = BUILT_PRODUCTS_DIR; };
		8C3FBC4221CB518900F6706D /* CalibreSyncTests.swift */ = {isa = PBXFileReference; lastKnownFileType = sourcecode.swift; path = CalibreSyncTests.swift; sourceTree = "<group>"; };
		8C3FBC4421CB518900F6706D /* Info.plist */ = {isa = PBXFileReference; lastKnownFileType = text.plist.xml; path = Info.plist; sourceTree = "<group>"; };
		8C3FBC4921CB518900F6706D /* CalibreSyncUITests.xctest */ = {isa = PBXFileReference; explicitFileType = wrapper.cfbundle; includeInIndex = 0; path = CalibreSyncUITests.xctest; sourceTree = BUILT_PRODUCTS_DIR; };
		8C3FBC4D21CB518900F6706D /* CalibreSyncUITests.swift */ = {isa = PBXFileReference; lastKnownFileType = sourcecode.swift; path = CalibreSyncUITests.swift; sourceTree = "<group>"; };
		8C3FBC4F21CB518900F6706D /* Info.plist */ = {isa = PBXFileReference; lastKnownFileType = text.plist.xml; path = Info.plist; sourceTree = "<group>"; };
		8C3FBC5F21CB51A100F6706D /* CalibreSyncExtension.appex */ = {isa = PBXFileReference; explicitFileType = "wrapper.app-extension"; includeInIndex = 0; path = CalibreSyncExtension.appex; sourceTree = BUILT_PRODUCTS_DIR; };
		8C3FBC6121CB51A100F6706D /* FileProviderExtension.swift */ = {isa = PBXFileReference; lastKnownFileType = sourcecode.swift; path = FileProviderExtension.swift; sourceTree = "<group>"; };
		8C3FBC6321CB51A100F6706D /* FileProviderItem.swift */ = {isa = PBXFileReference; lastKnownFileType = sourcecode.swift; path = FileProviderItem.swift; sourceTree = "<group>"; };
		8C3FBC6521CB51A100F6706D /* FileProviderEnumerator.swift */ = {isa = PBXFileReference; lastKnownFileType = sourcecode.swift; path = FileProviderEnumerator.swift; sourceTree = "<group>"; };
		8C3FBC6721CB51A100F6706D /* Info.plist */ = {isa = PBXFileReference; lastKnownFileType = text.plist.xml; path = Info.plist; sourceTree = "<group>"; };
		8C3FBC6821CB51A100F6706D /* CalibreSyncExtension.entitlements */ = {isa = PBXFileReference; lastKnownFileType = text.plist.entitlements; path = CalibreSyncExtension.entitlements; sourceTree = "<group>"; };
		8C3FBC6D21CB51A100F6706D /* CalibreSyncExtensionUI.appex */ = {isa = PBXFileReference; explicitFileType = "wrapper.app-extension"; includeInIndex = 0; path = CalibreSyncExtensionUI.appex; sourceTree = BUILT_PRODUCTS_DIR; };
		8C3FBC6F21CB51A100F6706D /* DocumentActionViewController.swift */ = {isa = PBXFileReference; lastKnownFileType = sourcecode.swift; path = DocumentActionViewController.swift; sourceTree = "<group>"; };
		8C3FBC7221CB51A100F6706D /* Base */ = {isa = PBXFileReference; lastKnownFileType = file.storyboard; name = Base; path = Base.lproj/MainInterface.storyboard; sourceTree = "<group>"; };
		8C3FBC7421CB51A100F6706D /* Info.plist */ = {isa = PBXFileReference; lastKnownFileType = text.plist.xml; path = Info.plist; sourceTree = "<group>"; };
		8C3FBC8321CB525300F6706D /* README.md */ = {isa = PBXFileReference; lastKnownFileType = net.daringfireball.markdown; path = README.md; sourceTree = "<group>"; };
		8C3FBC8521CB5A7500F6706D /* FileProviderItem+Lookup.swift */ = {isa = PBXFileReference; lastKnownFileType = sourcecode.swift; path = "FileProviderItem+Lookup.swift"; sourceTree = "<group>"; };
		8C3FBC8721CB5D1B00F6706D /* FileProviderBackingModel.swift */ = {isa = PBXFileReference; lastKnownFileType = sourcecode.swift; path = FileProviderBackingModel.swift; sourceTree = "<group>"; };
		8C3FBC8921CBF51600F6706D /* Downloader.swift */ = {isa = PBXFileReference; lastKnownFileType = sourcecode.swift; path = Downloader.swift; sourceTree = "<group>"; };
		8C3FBC8B21CC0A8700F6706D /* CalibreSync.entitlements */ = {isa = PBXFileReference; lastKnownFileType = text.plist.entitlements; path = CalibreSync.entitlements; sourceTree = "<group>"; };
		93294AA760A2635767AA857A /* Pods-CalibreSyncExtensionUI.release.xcconfig */ = {isa = PBXFileReference; includeInIndex = 1; lastKnownFileType = text.xcconfig; name = "Pods-CalibreSyncExtensionUI.release.xcconfig"; path = "Pods/Target Support Files/Pods-CalibreSyncExtensionUI/Pods-CalibreSyncExtensionUI.release.xcconfig"; sourceTree = "<group>"; };
		9D9232A288F776393251409D /* Pods_CalibreSyncTests.framework */ = {isa = PBXFileReference; explicitFileType = wrapper.framework; includeInIndex = 0; path = Pods_CalibreSyncTests.framework; sourceTree = BUILT_PRODUCTS_DIR; };
		D297FBDF90C1B6A1865E83A8 /* Pods-CalibreSyncUITests.release.xcconfig */ = {isa = PBXFileReference; includeInIndex = 1; lastKnownFileType = text.xcconfig; name = "Pods-CalibreSyncUITests.release.xcconfig"; path = "Pods/Target Support Files/Pods-CalibreSyncUITests/Pods-CalibreSyncUITests.release.xcconfig"; sourceTree = "<group>"; };
		DB89693A1982F093FA0D73A7 /* Pods-CalibreSyncTests.debug.xcconfig */ = {isa = PBXFileReference; includeInIndex = 1; lastKnownFileType = text.xcconfig; name = "Pods-CalibreSyncTests.debug.xcconfig"; path = "Pods/Target Support Files/Pods-CalibreSyncTests/Pods-CalibreSyncTests.debug.xcconfig"; sourceTree = "<group>"; };
		E2A20871D1128879FA57CEE4 /* Pods-CalibreSyncExtensionUI.debug.xcconfig */ = {isa = PBXFileReference; includeInIndex = 1; lastKnownFileType = text.xcconfig; name = "Pods-CalibreSyncExtensionUI.debug.xcconfig"; path = "Pods/Target Support Files/Pods-CalibreSyncExtensionUI/Pods-CalibreSyncExtensionUI.debug.xcconfig"; sourceTree = "<group>"; };
		E46FB4125A625072798A0500 /* Pods_CalibreSync.framework */ = {isa = PBXFileReference; explicitFileType = wrapper.framework; includeInIndex = 0; path = Pods_CalibreSync.framework; sourceTree = BUILT_PRODUCTS_DIR; };
		E50EEDF9833CAF18D9AE549F /* Pods-CalibreSyncExtension.release.xcconfig */ = {isa = PBXFileReference; includeInIndex = 1; lastKnownFileType = text.xcconfig; name = "Pods-CalibreSyncExtension.release.xcconfig"; path = "Pods/Target Support Files/Pods-CalibreSyncExtension/Pods-CalibreSyncExtension.release.xcconfig"; sourceTree = "<group>"; };
		F43DDCD4BE24EC195B5DA61B /* Pods-CalibreSyncUITests.debug.xcconfig */ = {isa = PBXFileReference; includeInIndex = 1; lastKnownFileType = text.xcconfig; name = "Pods-CalibreSyncUITests.debug.xcconfig"; path = "Pods/Target Support Files/Pods-CalibreSyncUITests/Pods-CalibreSyncUITests.debug.xcconfig"; sourceTree = "<group>"; };
/* End PBXFileReference section */

/* Begin PBXFrameworksBuildPhase section */
		8C3FBC2521CB518700F6706D /* Frameworks */ = {
			isa = PBXFrameworksBuildPhase;
			buildActionMask = 2147483647;
			files = (
				F5FDF251A859E38AD2771CFB /* Pods_CalibreSync.framework in Frameworks */,
			);
			runOnlyForDeploymentPostprocessing = 0;
		};
		8C3FBC3B21CB518900F6706D /* Frameworks */ = {
			isa = PBXFrameworksBuildPhase;
			buildActionMask = 2147483647;
			files = (
				DAF8C3679BA59A88B3804019 /* Pods_CalibreSyncTests.framework in Frameworks */,
			);
			runOnlyForDeploymentPostprocessing = 0;
		};
		8C3FBC4621CB518900F6706D /* Frameworks */ = {
			isa = PBXFrameworksBuildPhase;
			buildActionMask = 2147483647;
			files = (
				4D23D0FF74CCC8452DCA59D3 /* Pods_CalibreSyncUITests.framework in Frameworks */,
			);
			runOnlyForDeploymentPostprocessing = 0;
		};
		8C3FBC5C21CB51A100F6706D /* Frameworks */ = {
			isa = PBXFrameworksBuildPhase;
			buildActionMask = 2147483647;
			files = (
				42AD08F04E756BB4C2BF0618 /* Pods_CalibreSyncExtension.framework in Frameworks */,
			);
			runOnlyForDeploymentPostprocessing = 0;
		};
		8C3FBC6A21CB51A100F6706D /* Frameworks */ = {
			isa = PBXFrameworksBuildPhase;
			buildActionMask = 2147483647;
			files = (
				3001B722882155E588F818EB /* Pods_CalibreSyncExtensionUI.framework in Frameworks */,
			);
			runOnlyForDeploymentPostprocessing = 0;
		};
/* End PBXFrameworksBuildPhase section */

/* Begin PBXGroup section */
		78CB7BEFCDE93CA89D4FDB4C /* Pods */ = {
			isa = PBXGroup;
			children = (
				5118CBA88636C94AF8528435 /* Pods-CalibreSync.debug.xcconfig */,
				5F4FDAAA03ACD52B945ECAC3 /* Pods-CalibreSync.release.xcconfig */,
				45F6CC6366916E6FF58C1468 /* Pods-CalibreSyncExtension.debug.xcconfig */,
				E50EEDF9833CAF18D9AE549F /* Pods-CalibreSyncExtension.release.xcconfig */,
				E2A20871D1128879FA57CEE4 /* Pods-CalibreSyncExtensionUI.debug.xcconfig */,
				93294AA760A2635767AA857A /* Pods-CalibreSyncExtensionUI.release.xcconfig */,
				DB89693A1982F093FA0D73A7 /* Pods-CalibreSyncTests.debug.xcconfig */,
				0C253C137C63D577E1B1F895 /* Pods-CalibreSyncTests.release.xcconfig */,
				F43DDCD4BE24EC195B5DA61B /* Pods-CalibreSyncUITests.debug.xcconfig */,
				D297FBDF90C1B6A1865E83A8 /* Pods-CalibreSyncUITests.release.xcconfig */,
			);
			name = Pods;
			sourceTree = "<group>";
		};
		8320BCDCCB5BC9F3B5F66A2D /* Frameworks */ = {
			isa = PBXGroup;
			children = (
				E46FB4125A625072798A0500 /* Pods_CalibreSync.framework */,
				70028445722FDE70526D898B /* Pods_CalibreSyncExtension.framework */,
				412B219E692C805887668675 /* Pods_CalibreSyncExtensionUI.framework */,
				9D9232A288F776393251409D /* Pods_CalibreSyncTests.framework */,
				04CC8FE716BBC9A5CB8E7BD5 /* Pods_CalibreSyncUITests.framework */,
			);
			name = Frameworks;
			sourceTree = "<group>";
		};
		8C3FBC1F21CB518700F6706D = {
			isa = PBXGroup;
			children = (
				8C3FBC8321CB525300F6706D /* README.md */,
				8C3FBC2A21CB518700F6706D /* CalibreSync */,
				8C3FBC6021CB51A100F6706D /* CalibreSyncExtension */,
				8C3FBC6E21CB51A100F6706D /* CalibreSyncExtensionUI */,
				8C3FBC8221CB51C400F6706D /* Tests */,
				8C3FBC2921CB518700F6706D /* Products */,
				78CB7BEFCDE93CA89D4FDB4C /* Pods */,
				8320BCDCCB5BC9F3B5F66A2D /* Frameworks */,
			);
			sourceTree = "<group>";
		};
		8C3FBC2921CB518700F6706D /* Products */ = {
			isa = PBXGroup;
			children = (
				8C3FBC2821CB518700F6706D /* CalibreSync.app */,
				8C3FBC3E21CB518900F6706D /* CalibreSyncTests.xctest */,
				8C3FBC4921CB518900F6706D /* CalibreSyncUITests.xctest */,
				8C3FBC5F21CB51A100F6706D /* CalibreSyncExtension.appex */,
				8C3FBC6D21CB51A100F6706D /* CalibreSyncExtensionUI.appex */,
			);
			name = Products;
			sourceTree = "<group>";
		};
		8C3FBC2A21CB518700F6706D /* CalibreSync */ = {
			isa = PBXGroup;
			children = (
				8C3FBC8B21CC0A8700F6706D /* CalibreSync.entitlements */,
				8C3FBC2B21CB518700F6706D /* AppDelegate.swift */,
				8C3FBC2D21CB518700F6706D /* MasterViewController.swift */,
				8C3FBC2F21CB518700F6706D /* DetailViewController.swift */,
				8C3FBC3121CB518700F6706D /* Main.storyboard */,
				8C3FBC3421CB518800F6706D /* Assets.xcassets */,
				8C3FBC3621CB518800F6706D /* LaunchScreen.storyboard */,
				8C3FBC3921CB518800F6706D /* Info.plist */,
			);
			path = CalibreSync;
			sourceTree = "<group>";
		};
		8C3FBC4121CB518900F6706D /* CalibreSyncTests */ = {
			isa = PBXGroup;
			children = (
				8C3FBC4221CB518900F6706D /* CalibreSyncTests.swift */,
				8C3FBC4421CB518900F6706D /* Info.plist */,
			);
			path = CalibreSyncTests;
			sourceTree = "<group>";
		};
		8C3FBC4C21CB518900F6706D /* CalibreSyncUITests */ = {
			isa = PBXGroup;
			children = (
				8C3FBC4D21CB518900F6706D /* CalibreSyncUITests.swift */,
				8C3FBC4F21CB518900F6706D /* Info.plist */,
			);
			path = CalibreSyncUITests;
			sourceTree = "<group>";
		};
		8C3FBC6021CB51A100F6706D /* CalibreSyncExtension */ = {
			isa = PBXGroup;
			children = (
				8C3FBC8421CB52CE00F6706D /* Model */,
				8C3FBC6121CB51A100F6706D /* FileProviderExtension.swift */,
				8C3FBC6321CB51A100F6706D /* FileProviderItem.swift */,
				8C3FBC8521CB5A7500F6706D /* FileProviderItem+Lookup.swift */,
				8C3FBC6521CB51A100F6706D /* FileProviderEnumerator.swift */,
				8C3FBC6721CB51A100F6706D /* Info.plist */,
				8C3FBC6821CB51A100F6706D /* CalibreSyncExtension.entitlements */,
				8C3FBC8921CBF51600F6706D /* Downloader.swift */,
			);
			path = CalibreSyncExtension;
			sourceTree = "<group>";
		};
		8C3FBC6E21CB51A100F6706D /* CalibreSyncExtensionUI */ = {
			isa = PBXGroup;
			children = (
				8C3FBC6F21CB51A100F6706D /* DocumentActionViewController.swift */,
				8C3FBC7121CB51A100F6706D /* MainInterface.storyboard */,
				8C3FBC7421CB51A100F6706D /* Info.plist */,
			);
			path = CalibreSyncExtensionUI;
			sourceTree = "<group>";
		};
		8C3FBC8221CB51C400F6706D /* Tests */ = {
			isa = PBXGroup;
			children = (
				8C3FBC4121CB518900F6706D /* CalibreSyncTests */,
				8C3FBC4C21CB518900F6706D /* CalibreSyncUITests */,
			);
			path = Tests;
			sourceTree = "<group>";
		};
		8C3FBC8421CB52CE00F6706D /* Model */ = {
			isa = PBXGroup;
			children = (
				8C3FBC8721CB5D1B00F6706D /* FileProviderBackingModel.swift */,
			);
			path = Model;
			sourceTree = "<group>";
		};
/* End PBXGroup section */

/* Begin PBXNativeTarget section */
		8C3FBC2721CB518700F6706D /* CalibreSync */ = {
			isa = PBXNativeTarget;
			buildConfigurationList = 8C3FBC5221CB518900F6706D /* Build configuration list for PBXNativeTarget "CalibreSync" */;
			buildPhases = (
				9536FD660F8E0997BBC0DDDC /* [CP] Check Pods Manifest.lock */,
				8C3FBC2421CB518700F6706D /* Sources */,
				8C3FBC2521CB518700F6706D /* Frameworks */,
				8C3FBC2621CB518700F6706D /* Resources */,
				8C3FBC8121CB51A100F6706D /* Embed App Extensions */,
				AF819691B55CF76BF649B15D /* [CP] Embed Pods Frameworks */,
			);
			buildRules = (
			);
			dependencies = (
				8C3FBC7621CB51A100F6706D /* PBXTargetDependency */,
				8C3FBC7921CB51A100F6706D /* PBXTargetDependency */,
			);
			name = CalibreSync;
			productName = CalibreSync;
			productReference = 8C3FBC2821CB518700F6706D /* CalibreSync.app */;
			productType = "com.apple.product-type.application";
		};
		8C3FBC3D21CB518900F6706D /* CalibreSyncTests */ = {
			isa = PBXNativeTarget;
			buildConfigurationList = 8C3FBC5521CB518900F6706D /* Build configuration list for PBXNativeTarget "CalibreSyncTests" */;
			buildPhases = (
				DBEADCD5BEEAADB423358F1C /* [CP] Check Pods Manifest.lock */,
				8C3FBC3A21CB518900F6706D /* Sources */,
				8C3FBC3B21CB518900F6706D /* Frameworks */,
				8C3FBC3C21CB518900F6706D /* Resources */,
			);
			buildRules = (
			);
			dependencies = (
				8C3FBC4021CB518900F6706D /* PBXTargetDependency */,
			);
			name = CalibreSyncTests;
			productName = CalibreSyncTests;
			productReference = 8C3FBC3E21CB518900F6706D /* CalibreSyncTests.xctest */;
			productType = "com.apple.product-type.bundle.unit-test";
		};
		8C3FBC4821CB518900F6706D /* CalibreSyncUITests */ = {
			isa = PBXNativeTarget;
			buildConfigurationList = 8C3FBC5821CB518900F6706D /* Build configuration list for PBXNativeTarget "CalibreSyncUITests" */;
			buildPhases = (
				4D1B4B400A0426CBEA4DBEE4 /* [CP] Check Pods Manifest.lock */,
				8C3FBC4521CB518900F6706D /* Sources */,
				8C3FBC4621CB518900F6706D /* Frameworks */,
				8C3FBC4721CB518900F6706D /* Resources */,
			);
			buildRules = (
			);
			dependencies = (
				8C3FBC4B21CB518900F6706D /* PBXTargetDependency */,
			);
			name = CalibreSyncUITests;
			productName = CalibreSyncUITests;
			productReference = 8C3FBC4921CB518900F6706D /* CalibreSyncUITests.xctest */;
			productType = "com.apple.product-type.bundle.ui-testing";
		};
		8C3FBC5E21CB51A100F6706D /* CalibreSyncExtension */ = {
			isa = PBXNativeTarget;
			buildConfigurationList = 8C3FBC7E21CB51A100F6706D /* Build configuration list for PBXNativeTarget "CalibreSyncExtension" */;
			buildPhases = (
				9C6A0BE93977856DF0C31F85 /* [CP] Check Pods Manifest.lock */,
				8C3FBC5B21CB51A100F6706D /* Sources */,
				8C3FBC5C21CB51A100F6706D /* Frameworks */,
				8C3FBC5D21CB51A100F6706D /* Resources */,
			);
			buildRules = (
			);
			dependencies = (
			);
			name = CalibreSyncExtension;
			productName = CalibreSyncExtension;
			productReference = 8C3FBC5F21CB51A100F6706D /* CalibreSyncExtension.appex */;
			productType = "com.apple.product-type.app-extension";
		};
		8C3FBC6C21CB51A100F6706D /* CalibreSyncExtensionUI */ = {
			isa = PBXNativeTarget;
			buildConfigurationList = 8C3FBC7B21CB51A100F6706D /* Build configuration list for PBXNativeTarget "CalibreSyncExtensionUI" */;
			buildPhases = (
				6128ABEACC74048C26BA29A3 /* [CP] Check Pods Manifest.lock */,
				8C3FBC6921CB51A100F6706D /* Sources */,
				8C3FBC6A21CB51A100F6706D /* Frameworks */,
				8C3FBC6B21CB51A100F6706D /* Resources */,
			);
			buildRules = (
			);
			dependencies = (
			);
			name = CalibreSyncExtensionUI;
			productName = CalibreSyncExtensionUI;
			productReference = 8C3FBC6D21CB51A100F6706D /* CalibreSyncExtensionUI.appex */;
			productType = "com.apple.product-type.app-extension";
		};
/* End PBXNativeTarget section */

/* Begin PBXProject section */
		8C3FBC2021CB518700F6706D /* Project object */ = {
			isa = PBXProject;
			attributes = {
				LastSwiftUpdateCheck = 1010;
				LastUpgradeCheck = 1010;
				ORGANIZATIONNAME = "Sumanth Peddamatham";
				TargetAttributes = {
					8C3FBC2721CB518700F6706D = {
						CreatedOnToolsVersion = 10.1;
						SystemCapabilities = {
							com.apple.ApplicationGroups.iOS = {
								enabled = 1;
							};
						};
					};
					8C3FBC3D21CB518900F6706D = {
						CreatedOnToolsVersion = 10.1;
						TestTargetID = 8C3FBC2721CB518700F6706D;
					};
					8C3FBC4821CB518900F6706D = {
						CreatedOnToolsVersion = 10.1;
						TestTargetID = 8C3FBC2721CB518700F6706D;
					};
					8C3FBC5E21CB51A100F6706D = {
						CreatedOnToolsVersion = 10.1;
					};
					8C3FBC6C21CB51A100F6706D = {
						CreatedOnToolsVersion = 10.1;
					};
				};
			};
			buildConfigurationList = 8C3FBC2321CB518700F6706D /* Build configuration list for PBXProject "CalibreSync" */;
			compatibilityVersion = "Xcode 9.3";
			developmentRegion = en;
			hasScannedForEncodings = 0;
			knownRegions = (
				en,
				Base,
			);
			mainGroup = 8C3FBC1F21CB518700F6706D;
			productRefGroup = 8C3FBC2921CB518700F6706D /* Products */;
			projectDirPath = "";
			projectRoot = "";
			targets = (
				8C3FBC2721CB518700F6706D /* CalibreSync */,
				8C3FBC5E21CB51A100F6706D /* CalibreSyncExtension */,
				8C3FBC6C21CB51A100F6706D /* CalibreSyncExtensionUI */,
				8C3FBC3D21CB518900F6706D /* CalibreSyncTests */,
				8C3FBC4821CB518900F6706D /* CalibreSyncUITests */,
			);
		};
/* End PBXProject section */

/* Begin PBXResourcesBuildPhase section */
		8C3FBC2621CB518700F6706D /* Resources */ = {
			isa = PBXResourcesBuildPhase;
			buildActionMask = 2147483647;
			files = (
				8C3FBC3821CB518800F6706D /* LaunchScreen.storyboard in Resources */,
				8C3FBC3521CB518800F6706D /* Assets.xcassets in Resources */,
				8C3FBC3321CB518700F6706D /* Main.storyboard in Resources */,
			);
			runOnlyForDeploymentPostprocessing = 0;
		};
		8C3FBC3C21CB518900F6706D /* Resources */ = {
			isa = PBXResourcesBuildPhase;
			buildActionMask = 2147483647;
			files = (
			);
			runOnlyForDeploymentPostprocessing = 0;
		};
		8C3FBC4721CB518900F6706D /* Resources */ = {
			isa = PBXResourcesBuildPhase;
			buildActionMask = 2147483647;
			files = (
			);
			runOnlyForDeploymentPostprocessing = 0;
		};
		8C3FBC5D21CB51A100F6706D /* Resources */ = {
			isa = PBXResourcesBuildPhase;
			buildActionMask = 2147483647;
			files = (
			);
			runOnlyForDeploymentPostprocessing = 0;
		};
		8C3FBC6B21CB51A100F6706D /* Resources */ = {
			isa = PBXResourcesBuildPhase;
			buildActionMask = 2147483647;
			files = (
				8C3FBC7321CB51A100F6706D /* MainInterface.storyboard in Resources */,
			);
			runOnlyForDeploymentPostprocessing = 0;
		};
/* End PBXResourcesBuildPhase section */

/* Begin PBXShellScriptBuildPhase section */
		4D1B4B400A0426CBEA4DBEE4 /* [CP] Check Pods Manifest.lock */ = {
			isa = PBXShellScriptBuildPhase;
			buildActionMask = 2147483647;
			files = (
			);
			inputFileListPaths = (
			);
			inputPaths = (
				"${PODS_PODFILE_DIR_PATH}/Podfile.lock",
				"${PODS_ROOT}/Manifest.lock",
			);
			name = "[CP] Check Pods Manifest.lock";
			outputFileListPaths = (
			);
			outputPaths = (
				"$(DERIVED_FILE_DIR)/Pods-CalibreSyncUITests-checkManifestLockResult.txt",
			);
			runOnlyForDeploymentPostprocessing = 0;
			shellPath = /bin/sh;
			shellScript = "diff \"${PODS_PODFILE_DIR_PATH}/Podfile.lock\" \"${PODS_ROOT}/Manifest.lock\" > /dev/null\nif [ $? != 0 ] ; then\n    # print error to STDERR\n    echo \"error: The sandbox is not in sync with the Podfile.lock. Run 'pod install' or update your CocoaPods installation.\" >&2\n    exit 1\nfi\n# This output is used by Xcode 'outputs' to avoid re-running this script phase.\necho \"SUCCESS\" > \"${SCRIPT_OUTPUT_FILE_0}\"\n";
			showEnvVarsInLog = 0;
		};
		6128ABEACC74048C26BA29A3 /* [CP] Check Pods Manifest.lock */ = {
			isa = PBXShellScriptBuildPhase;
			buildActionMask = 2147483647;
			files = (
			);
			inputFileListPaths = (
			);
			inputPaths = (
				"${PODS_PODFILE_DIR_PATH}/Podfile.lock",
				"${PODS_ROOT}/Manifest.lock",
			);
			name = "[CP] Check Pods Manifest.lock";
			outputFileListPaths = (
			);
			outputPaths = (
				"$(DERIVED_FILE_DIR)/Pods-CalibreSyncExtensionUI-checkManifestLockResult.txt",
			);
			runOnlyForDeploymentPostprocessing = 0;
			shellPath = /bin/sh;
			shellScript = "diff \"${PODS_PODFILE_DIR_PATH}/Podfile.lock\" \"${PODS_ROOT}/Manifest.lock\" > /dev/null\nif [ $? != 0 ] ; then\n    # print error to STDERR\n    echo \"error: The sandbox is not in sync with the Podfile.lock. Run 'pod install' or update your CocoaPods installation.\" >&2\n    exit 1\nfi\n# This output is used by Xcode 'outputs' to avoid re-running this script phase.\necho \"SUCCESS\" > \"${SCRIPT_OUTPUT_FILE_0}\"\n";
			showEnvVarsInLog = 0;
		};
		9536FD660F8E0997BBC0DDDC /* [CP] Check Pods Manifest.lock */ = {
			isa = PBXShellScriptBuildPhase;
			buildActionMask = 2147483647;
			files = (
			);
			inputFileListPaths = (
			);
			inputPaths = (
				"${PODS_PODFILE_DIR_PATH}/Podfile.lock",
				"${PODS_ROOT}/Manifest.lock",
			);
			name = "[CP] Check Pods Manifest.lock";
			outputFileListPaths = (
			);
			outputPaths = (
				"$(DERIVED_FILE_DIR)/Pods-CalibreSync-checkManifestLockResult.txt",
			);
			runOnlyForDeploymentPostprocessing = 0;
			shellPath = /bin/sh;
			shellScript = "diff \"${PODS_PODFILE_DIR_PATH}/Podfile.lock\" \"${PODS_ROOT}/Manifest.lock\" > /dev/null\nif [ $? != 0 ] ; then\n    # print error to STDERR\n    echo \"error: The sandbox is not in sync with the Podfile.lock. Run 'pod install' or update your CocoaPods installation.\" >&2\n    exit 1\nfi\n# This output is used by Xcode 'outputs' to avoid re-running this script phase.\necho \"SUCCESS\" > \"${SCRIPT_OUTPUT_FILE_0}\"\n";
			showEnvVarsInLog = 0;
		};
		9C6A0BE93977856DF0C31F85 /* [CP] Check Pods Manifest.lock */ = {
			isa = PBXShellScriptBuildPhase;
			buildActionMask = 2147483647;
			files = (
			);
			inputFileListPaths = (
			);
			inputPaths = (
				"${PODS_PODFILE_DIR_PATH}/Podfile.lock",
				"${PODS_ROOT}/Manifest.lock",
			);
			name = "[CP] Check Pods Manifest.lock";
			outputFileListPaths = (
			);
			outputPaths = (
				"$(DERIVED_FILE_DIR)/Pods-CalibreSyncExtension-checkManifestLockResult.txt",
			);
			runOnlyForDeploymentPostprocessing = 0;
			shellPath = /bin/sh;
			shellScript = "diff \"${PODS_PODFILE_DIR_PATH}/Podfile.lock\" \"${PODS_ROOT}/Manifest.lock\" > /dev/null\nif [ $? != 0 ] ; then\n    # print error to STDERR\n    echo \"error: The sandbox is not in sync with the Podfile.lock. Run 'pod install' or update your CocoaPods installation.\" >&2\n    exit 1\nfi\n# This output is used by Xcode 'outputs' to avoid re-running this script phase.\necho \"SUCCESS\" > \"${SCRIPT_OUTPUT_FILE_0}\"\n";
			showEnvVarsInLog = 0;
		};
		AF819691B55CF76BF649B15D /* [CP] Embed Pods Frameworks */ = {
			isa = PBXShellScriptBuildPhase;
			buildActionMask = 2147483647;
			files = (
			);
			inputFileListPaths = (
			);
			inputPaths = (
				"${SRCROOT}/Pods/Target Support Files/Pods-CalibreSync/Pods-CalibreSync-frameworks.sh",
				"${BUILT_PRODUCTS_DIR}/FeedKit/FeedKit.framework",
			);
			name = "[CP] Embed Pods Frameworks";
			outputFileListPaths = (
			);
			outputPaths = (
				"${TARGET_BUILD_DIR}/${FRAMEWORKS_FOLDER_PATH}/FeedKit.framework",
			);
			runOnlyForDeploymentPostprocessing = 0;
			shellPath = /bin/sh;
			shellScript = "\"${SRCROOT}/Pods/Target Support Files/Pods-CalibreSync/Pods-CalibreSync-frameworks.sh\"\n";
			showEnvVarsInLog = 0;
		};
		DBEADCD5BEEAADB423358F1C /* [CP] Check Pods Manifest.lock */ = {
			isa = PBXShellScriptBuildPhase;
			buildActionMask = 2147483647;
			files = (
			);
			inputFileListPaths = (
			);
			inputPaths = (
				"${PODS_PODFILE_DIR_PATH}/Podfile.lock",
				"${PODS_ROOT}/Manifest.lock",
			);
			name = "[CP] Check Pods Manifest.lock";
			outputFileListPaths = (
			);
			outputPaths = (
				"$(DERIVED_FILE_DIR)/Pods-CalibreSyncTests-checkManifestLockResult.txt",
			);
			runOnlyForDeploymentPostprocessing = 0;
			shellPath = /bin/sh;
			shellScript = "diff \"${PODS_PODFILE_DIR_PATH}/Podfile.lock\" \"${PODS_ROOT}/Manifest.lock\" > /dev/null\nif [ $? != 0 ] ; then\n    # print error to STDERR\n    echo \"error: The sandbox is not in sync with the Podfile.lock. Run 'pod install' or update your CocoaPods installation.\" >&2\n    exit 1\nfi\n# This output is used by Xcode 'outputs' to avoid re-running this script phase.\necho \"SUCCESS\" > \"${SCRIPT_OUTPUT_FILE_0}\"\n";
			showEnvVarsInLog = 0;
		};
/* End PBXShellScriptBuildPhase section */

/* Begin PBXSourcesBuildPhase section */
		8C3FBC2421CB518700F6706D /* Sources */ = {
			isa = PBXSourcesBuildPhase;
			buildActionMask = 2147483647;
			files = (
				8C3FBC3021CB518700F6706D /* DetailViewController.swift in Sources */,
				8C3FBC2E21CB518700F6706D /* MasterViewController.swift in Sources */,
				8C3FBC2C21CB518700F6706D /* AppDelegate.swift in Sources */,
			);
			runOnlyForDeploymentPostprocessing = 0;
		};
		8C3FBC3A21CB518900F6706D /* Sources */ = {
			isa = PBXSourcesBuildPhase;
			buildActionMask = 2147483647;
			files = (
				8C3FBC4321CB518900F6706D /* CalibreSyncTests.swift in Sources */,
			);
			runOnlyForDeploymentPostprocessing = 0;
		};
		8C3FBC4521CB518900F6706D /* Sources */ = {
			isa = PBXSourcesBuildPhase;
			buildActionMask = 2147483647;
			files = (
				8C3FBC4E21CB518900F6706D /* CalibreSyncUITests.swift in Sources */,
			);
			runOnlyForDeploymentPostprocessing = 0;
		};
		8C3FBC5B21CB51A100F6706D /* Sources */ = {
			isa = PBXSourcesBuildPhase;
			buildActionMask = 2147483647;
			files = (
				8C3FBC8821CB5D1B00F6706D /* FileProviderBackingModel.swift in Sources */,
				8C3FBC6221CB51A100F6706D /* FileProviderExtension.swift in Sources */,
				8C3FBC8A21CBF51600F6706D /* Downloader.swift in Sources */,
				8C3FBC6421CB51A100F6706D /* FileProviderItem.swift in Sources */,
				8C3FBC6621CB51A100F6706D /* FileProviderEnumerator.swift in Sources */,
				8C3FBC8621CB5A7500F6706D /* FileProviderItem+Lookup.swift in Sources */,
			);
			runOnlyForDeploymentPostprocessing = 0;
		};
		8C3FBC6921CB51A100F6706D /* Sources */ = {
			isa = PBXSourcesBuildPhase;
			buildActionMask = 2147483647;
			files = (
				8C3FBC7021CB51A100F6706D /* DocumentActionViewController.swift in Sources */,
			);
			runOnlyForDeploymentPostprocessing = 0;
		};
/* End PBXSourcesBuildPhase section */

/* Begin PBXTargetDependency section */
		8C3FBC4021CB518900F6706D /* PBXTargetDependency */ = {
			isa = PBXTargetDependency;
			target = 8C3FBC2721CB518700F6706D /* CalibreSync */;
			targetProxy = 8C3FBC3F21CB518900F6706D /* PBXContainerItemProxy */;
		};
		8C3FBC4B21CB518900F6706D /* PBXTargetDependency */ = {
			isa = PBXTargetDependency;
			target = 8C3FBC2721CB518700F6706D /* CalibreSync */;
			targetProxy = 8C3FBC4A21CB518900F6706D /* PBXContainerItemProxy */;
		};
		8C3FBC7621CB51A100F6706D /* PBXTargetDependency */ = {
			isa = PBXTargetDependency;
			target = 8C3FBC6C21CB51A100F6706D /* CalibreSyncExtensionUI */;
			targetProxy = 8C3FBC7521CB51A100F6706D /* PBXContainerItemProxy */;
		};
		8C3FBC7921CB51A100F6706D /* PBXTargetDependency */ = {
			isa = PBXTargetDependency;
			target = 8C3FBC5E21CB51A100F6706D /* CalibreSyncExtension */;
			targetProxy = 8C3FBC7821CB51A100F6706D /* PBXContainerItemProxy */;
		};
/* End PBXTargetDependency section */

/* Begin PBXVariantGroup section */
		8C3FBC3121CB518700F6706D /* Main.storyboard */ = {
			isa = PBXVariantGroup;
			children = (
				8C3FBC3221CB518700F6706D /* Base */,
			);
			name = Main.storyboard;
			sourceTree = "<group>";
		};
		8C3FBC3621CB518800F6706D /* LaunchScreen.storyboard */ = {
			isa = PBXVariantGroup;
			children = (
				8C3FBC3721CB518800F6706D /* Base */,
			);
			name = LaunchScreen.storyboard;
			sourceTree = "<group>";
		};
		8C3FBC7121CB51A100F6706D /* MainInterface.storyboard */ = {
			isa = PBXVariantGroup;
			children = (
				8C3FBC7221CB51A100F6706D /* Base */,
			);
			name = MainInterface.storyboard;
			sourceTree = "<group>";
		};
/* End PBXVariantGroup section */

/* Begin XCBuildConfiguration section */
		8C3FBC5021CB518900F6706D /* Debug */ = {
			isa = XCBuildConfiguration;
			buildSettings = {
				ALWAYS_SEARCH_USER_PATHS = NO;
				CLANG_ANALYZER_NONNULL = YES;
				CLANG_ANALYZER_NUMBER_OBJECT_CONVERSION = YES_AGGRESSIVE;
				CLANG_CXX_LANGUAGE_STANDARD = "gnu++14";
				CLANG_CXX_LIBRARY = "libc++";
				CLANG_ENABLE_MODULES = YES;
				CLANG_ENABLE_OBJC_ARC = YES;
				CLANG_ENABLE_OBJC_WEAK = YES;
				CLANG_WARN_BLOCK_CAPTURE_AUTORELEASING = YES;
				CLANG_WARN_BOOL_CONVERSION = YES;
				CLANG_WARN_COMMA = YES;
				CLANG_WARN_CONSTANT_CONVERSION = YES;
				CLANG_WARN_DEPRECATED_OBJC_IMPLEMENTATIONS = YES;
				CLANG_WARN_DIRECT_OBJC_ISA_USAGE = YES_ERROR;
				CLANG_WARN_DOCUMENTATION_COMMENTS = YES;
				CLANG_WARN_EMPTY_BODY = YES;
				CLANG_WARN_ENUM_CONVERSION = YES;
				CLANG_WARN_INFINITE_RECURSION = YES;
				CLANG_WARN_INT_CONVERSION = YES;
				CLANG_WARN_NON_LITERAL_NULL_CONVERSION = YES;
				CLANG_WARN_OBJC_IMPLICIT_RETAIN_SELF = YES;
				CLANG_WARN_OBJC_LITERAL_CONVERSION = YES;
				CLANG_WARN_OBJC_ROOT_CLASS = YES_ERROR;
				CLANG_WARN_RANGE_LOOP_ANALYSIS = YES;
				CLANG_WARN_STRICT_PROTOTYPES = YES;
				CLANG_WARN_SUSPICIOUS_MOVE = YES;
				CLANG_WARN_UNGUARDED_AVAILABILITY = YES_AGGRESSIVE;
				CLANG_WARN_UNREACHABLE_CODE = YES;
				CLANG_WARN__DUPLICATE_METHOD_MATCH = YES;
				CODE_SIGN_IDENTITY = "iPhone Developer";
				COPY_PHASE_STRIP = NO;
				DEBUG_INFORMATION_FORMAT = dwarf;
				ENABLE_STRICT_OBJC_MSGSEND = YES;
				ENABLE_TESTABILITY = YES;
				GCC_C_LANGUAGE_STANDARD = gnu11;
				GCC_DYNAMIC_NO_PIC = NO;
				GCC_NO_COMMON_BLOCKS = YES;
				GCC_OPTIMIZATION_LEVEL = 0;
				GCC_PREPROCESSOR_DEFINITIONS = (
					"DEBUG=1",
					"$(inherited)",
				);
				GCC_WARN_64_TO_32_BIT_CONVERSION = YES;
				GCC_WARN_ABOUT_RETURN_TYPE = YES_ERROR;
				GCC_WARN_UNDECLARED_SELECTOR = YES;
				GCC_WARN_UNINITIALIZED_AUTOS = YES_AGGRESSIVE;
				GCC_WARN_UNUSED_FUNCTION = YES;
				GCC_WARN_UNUSED_VARIABLE = YES;
				IPHONEOS_DEPLOYMENT_TARGET = 12.1;
				MTL_ENABLE_DEBUG_INFO = INCLUDE_SOURCE;
				MTL_FAST_MATH = YES;
				ONLY_ACTIVE_ARCH = YES;
				SDKROOT = iphoneos;
				SWIFT_ACTIVE_COMPILATION_CONDITIONS = DEBUG;
				SWIFT_OPTIMIZATION_LEVEL = "-Onone";
			};
			name = Debug;
		};
		8C3FBC5121CB518900F6706D /* Release */ = {
			isa = XCBuildConfiguration;
			buildSettings = {
				ALWAYS_SEARCH_USER_PATHS = NO;
				CLANG_ANALYZER_NONNULL = YES;
				CLANG_ANALYZER_NUMBER_OBJECT_CONVERSION = YES_AGGRESSIVE;
				CLANG_CXX_LANGUAGE_STANDARD = "gnu++14";
				CLANG_CXX_LIBRARY = "libc++";
				CLANG_ENABLE_MODULES = YES;
				CLANG_ENABLE_OBJC_ARC = YES;
				CLANG_ENABLE_OBJC_WEAK = YES;
				CLANG_WARN_BLOCK_CAPTURE_AUTORELEASING = YES;
				CLANG_WARN_BOOL_CONVERSION = YES;
				CLANG_WARN_COMMA = YES;
				CLANG_WARN_CONSTANT_CONVERSION = YES;
				CLANG_WARN_DEPRECATED_OBJC_IMPLEMENTATIONS = YES;
				CLANG_WARN_DIRECT_OBJC_ISA_USAGE = YES_ERROR;
				CLANG_WARN_DOCUMENTATION_COMMENTS = YES;
				CLANG_WARN_EMPTY_BODY = YES;
				CLANG_WARN_ENUM_CONVERSION = YES;
				CLANG_WARN_INFINITE_RECURSION = YES;
				CLANG_WARN_INT_CONVERSION = YES;
				CLANG_WARN_NON_LITERAL_NULL_CONVERSION = YES;
				CLANG_WARN_OBJC_IMPLICIT_RETAIN_SELF = YES;
				CLANG_WARN_OBJC_LITERAL_CONVERSION = YES;
				CLANG_WARN_OBJC_ROOT_CLASS = YES_ERROR;
				CLANG_WARN_RANGE_LOOP_ANALYSIS = YES;
				CLANG_WARN_STRICT_PROTOTYPES = YES;
				CLANG_WARN_SUSPICIOUS_MOVE = YES;
				CLANG_WARN_UNGUARDED_AVAILABILITY = YES_AGGRESSIVE;
				CLANG_WARN_UNREACHABLE_CODE = YES;
				CLANG_WARN__DUPLICATE_METHOD_MATCH = YES;
				CODE_SIGN_IDENTITY = "iPhone Developer";
				COPY_PHASE_STRIP = NO;
				DEBUG_INFORMATION_FORMAT = "dwarf-with-dsym";
				ENABLE_NS_ASSERTIONS = NO;
				ENABLE_STRICT_OBJC_MSGSEND = YES;
				GCC_C_LANGUAGE_STANDARD = gnu11;
				GCC_NO_COMMON_BLOCKS = YES;
				GCC_WARN_64_TO_32_BIT_CONVERSION = YES;
				GCC_WARN_ABOUT_RETURN_TYPE = YES_ERROR;
				GCC_WARN_UNDECLARED_SELECTOR = YES;
				GCC_WARN_UNINITIALIZED_AUTOS = YES_AGGRESSIVE;
				GCC_WARN_UNUSED_FUNCTION = YES;
				GCC_WARN_UNUSED_VARIABLE = YES;
				IPHONEOS_DEPLOYMENT_TARGET = 12.1;
				MTL_ENABLE_DEBUG_INFO = NO;
				MTL_FAST_MATH = YES;
				SDKROOT = iphoneos;
				SWIFT_COMPILATION_MODE = wholemodule;
				SWIFT_OPTIMIZATION_LEVEL = "-O";
				VALIDATE_PRODUCT = YES;
			};
			name = Release;
		};
		8C3FBC5321CB518900F6706D /* Debug */ = {
			isa = XCBuildConfiguration;
			baseConfigurationReference = 5118CBA88636C94AF8528435 /* Pods-CalibreSync.debug.xcconfig */;
			buildSettings = {
				ALWAYS_EMBED_SWIFT_STANDARD_LIBRARIES = YES;
				ASSETCATALOG_COMPILER_APPICON_NAME = AppIcon;
				CODE_SIGN_ENTITLEMENTS = CalibreSync/CalibreSync.entitlements;
				CODE_SIGN_STYLE = Automatic;
				DEVELOPMENT_TEAM = 76PMGHFNNX;
				INFOPLIST_FILE = CalibreSync/Info.plist;
				LD_RUNPATH_SEARCH_PATHS = (
					"$(inherited)",
					"@executable_path/Frameworks",
				);
				PRODUCT_BUNDLE_IDENTIFIER = io.technologystrategy.CalibreSync;
				PRODUCT_NAME = "$(TARGET_NAME)";
				SWIFT_VERSION = 4.2;
				TARGETED_DEVICE_FAMILY = "1,2";
			};
			name = Debug;
		};
		8C3FBC5421CB518900F6706D /* Release */ = {
			isa = XCBuildConfiguration;
			baseConfigurationReference = 5F4FDAAA03ACD52B945ECAC3 /* Pods-CalibreSync.release.xcconfig */;
			buildSettings = {
				ALWAYS_EMBED_SWIFT_STANDARD_LIBRARIES = YES;
				ASSETCATALOG_COMPILER_APPICON_NAME = AppIcon;
				CODE_SIGN_ENTITLEMENTS = CalibreSync/CalibreSync.entitlements;
				CODE_SIGN_STYLE = Automatic;
				DEVELOPMENT_TEAM = 76PMGHFNNX;
				INFOPLIST_FILE = CalibreSync/Info.plist;
				LD_RUNPATH_SEARCH_PATHS = (
					"$(inherited)",
					"@executable_path/Frameworks",
				);
				PRODUCT_BUNDLE_IDENTIFIER = io.technologystrategy.CalibreSync;
				PRODUCT_NAME = "$(TARGET_NAME)";
				SWIFT_VERSION = 4.2;
				TARGETED_DEVICE_FAMILY = "1,2";
			};
			name = Release;
		};
		8C3FBC5621CB518900F6706D /* Debug */ = {
			isa = XCBuildConfiguration;
			baseConfigurationReference = DB89693A1982F093FA0D73A7 /* Pods-CalibreSyncTests.debug.xcconfig */;
			buildSettings = {
				ALWAYS_EMBED_SWIFT_STANDARD_LIBRARIES = YES;
				BUNDLE_LOADER = "$(TEST_HOST)";
				CODE_SIGN_STYLE = Automatic;
				DEVELOPMENT_TEAM = 76PMGHFNNX;
				INFOPLIST_FILE = CalibreSyncTests/Info.plist;
				LD_RUNPATH_SEARCH_PATHS = (
					"$(inherited)",
					"@executable_path/Frameworks",
					"@loader_path/Frameworks",
				);
				PRODUCT_BUNDLE_IDENTIFIER = io.technologystrategy.CalibreSyncTests;
				PRODUCT_NAME = "$(TARGET_NAME)";
				SWIFT_VERSION = 4.2;
				TARGETED_DEVICE_FAMILY = "1,2";
				TEST_HOST = "$(BUILT_PRODUCTS_DIR)/CalibreSync.app/CalibreSync";
			};
			name = Debug;
		};
		8C3FBC5721CB518900F6706D /* Release */ = {
			isa = XCBuildConfiguration;
			baseConfigurationReference = 0C253C137C63D577E1B1F895 /* Pods-CalibreSyncTests.release.xcconfig */;
			buildSettings = {
				ALWAYS_EMBED_SWIFT_STANDARD_LIBRARIES = YES;
				BUNDLE_LOADER = "$(TEST_HOST)";
				CODE_SIGN_STYLE = Automatic;
				DEVELOPMENT_TEAM = 76PMGHFNNX;
				INFOPLIST_FILE = CalibreSyncTests/Info.plist;
				LD_RUNPATH_SEARCH_PATHS = (
					"$(inherited)",
					"@executable_path/Frameworks",
					"@loader_path/Frameworks",
				);
				PRODUCT_BUNDLE_IDENTIFIER = io.technologystrategy.CalibreSyncTests;
				PRODUCT_NAME = "$(TARGET_NAME)";
				SWIFT_VERSION = 4.2;
				TARGETED_DEVICE_FAMILY = "1,2";
				TEST_HOST = "$(BUILT_PRODUCTS_DIR)/CalibreSync.app/CalibreSync";
			};
			name = Release;
		};
		8C3FBC5921CB518900F6706D /* Debug */ = {
			isa = XCBuildConfiguration;
			baseConfigurationReference = F43DDCD4BE24EC195B5DA61B /* Pods-CalibreSyncUITests.debug.xcconfig */;
			buildSettings = {
				ALWAYS_EMBED_SWIFT_STANDARD_LIBRARIES = YES;
				CODE_SIGN_STYLE = Automatic;
				DEVELOPMENT_TEAM = 76PMGHFNNX;
				INFOPLIST_FILE = CalibreSyncUITests/Info.plist;
				LD_RUNPATH_SEARCH_PATHS = (
					"$(inherited)",
					"@executable_path/Frameworks",
					"@loader_path/Frameworks",
				);
				PRODUCT_BUNDLE_IDENTIFIER = io.technologystrategy.CalibreSyncUITests;
				PRODUCT_NAME = "$(TARGET_NAME)";
				SWIFT_VERSION = 4.2;
				TARGETED_DEVICE_FAMILY = "1,2";
				TEST_TARGET_NAME = CalibreSync;
			};
			name = Debug;
		};
		8C3FBC5A21CB518900F6706D /* Release */ = {
			isa = XCBuildConfiguration;
			baseConfigurationReference = D297FBDF90C1B6A1865E83A8 /* Pods-CalibreSyncUITests.release.xcconfig */;
			buildSettings = {
				ALWAYS_EMBED_SWIFT_STANDARD_LIBRARIES = YES;
				CODE_SIGN_STYLE = Automatic;
				DEVELOPMENT_TEAM = 76PMGHFNNX;
				INFOPLIST_FILE = CalibreSyncUITests/Info.plist;
				LD_RUNPATH_SEARCH_PATHS = (
					"$(inherited)",
					"@executable_path/Frameworks",
					"@loader_path/Frameworks",
				);
				PRODUCT_BUNDLE_IDENTIFIER = io.technologystrategy.CalibreSyncUITests;
				PRODUCT_NAME = "$(TARGET_NAME)";
				SWIFT_VERSION = 4.2;
				TARGETED_DEVICE_FAMILY = "1,2";
				TEST_TARGET_NAME = CalibreSync;
			};
			name = Release;
		};
		8C3FBC7C21CB51A100F6706D /* Debug */ = {
			isa = XCBuildConfiguration;
			baseConfigurationReference = E2A20871D1128879FA57CEE4 /* Pods-CalibreSyncExtensionUI.debug.xcconfig */;
			buildSettings = {
				CODE_SIGN_STYLE = Automatic;
				DEVELOPMENT_TEAM = 76PMGHFNNX;
				INFOPLIST_FILE = CalibreSyncExtensionUI/Info.plist;
				LD_RUNPATH_SEARCH_PATHS = (
					"$(inherited)",
					"@executable_path/Frameworks",
					"@executable_path/../../Frameworks",
				);
				PRODUCT_BUNDLE_IDENTIFIER = io.technologystrategy.CalibreSync.CalibreSyncExtensionUI;
				PRODUCT_NAME = "$(TARGET_NAME)";
				SKIP_INSTALL = YES;
				SWIFT_VERSION = 4.2;
				TARGETED_DEVICE_FAMILY = "1,2";
			};
			name = Debug;
		};
		8C3FBC7D21CB51A100F6706D /* Release */ = {
			isa = XCBuildConfiguration;
			baseConfigurationReference = 93294AA760A2635767AA857A /* Pods-CalibreSyncExtensionUI.release.xcconfig */;
			buildSettings = {
				CODE_SIGN_STYLE = Automatic;
				DEVELOPMENT_TEAM = 76PMGHFNNX;
				INFOPLIST_FILE = CalibreSyncExtensionUI/Info.plist;
				LD_RUNPATH_SEARCH_PATHS = (
					"$(inherited)",
					"@executable_path/Frameworks",
					"@executable_path/../../Frameworks",
				);
				PRODUCT_BUNDLE_IDENTIFIER = io.technologystrategy.CalibreSync.CalibreSyncExtensionUI;
				PRODUCT_NAME = "$(TARGET_NAME)";
				SKIP_INSTALL = YES;
				SWIFT_VERSION = 4.2;
				TARGETED_DEVICE_FAMILY = "1,2";
			};
			name = Release;
		};
		8C3FBC7F21CB51A100F6706D /* Debug */ = {
			isa = XCBuildConfiguration;
			baseConfigurationReference = 45F6CC6366916E6FF58C1468 /* Pods-CalibreSyncExtension.debug.xcconfig */;
			buildSettings = {
				CODE_SIGN_ENTITLEMENTS = CalibreSyncExtension/CalibreSyncExtension.entitlements;
				CODE_SIGN_STYLE = Automatic;
				DEVELOPMENT_TEAM = 76PMGHFNNX;
				INFOPLIST_FILE = CalibreSyncExtension/Info.plist;
				LD_RUNPATH_SEARCH_PATHS = (
					"$(inherited)",
					"@executable_path/Frameworks",
					"@executable_path/../../Frameworks",
				);
				PRODUCT_BUNDLE_IDENTIFIER = io.technologystrategy.CalibreSync.CalibreSyncExtension;
				PRODUCT_NAME = "$(TARGET_NAME)";
				SKIP_INSTALL = YES;
				SWIFT_VERSION = 4.2;
				TARGETED_DEVICE_FAMILY = "1,2";
			};
			name = Debug;
		};
		8C3FBC8021CB51A100F6706D /* Release */ = {
			isa = XCBuildConfiguration;
			baseConfigurationReference = E50EEDF9833CAF18D9AE549F /* Pods-CalibreSyncExtension.release.xcconfig */;
			buildSettings = {
				CODE_SIGN_ENTITLEMENTS = CalibreSyncExtension/CalibreSyncExtension.entitlements;
				CODE_SIGN_STYLE = Automatic;
				DEVELOPMENT_TEAM = 76PMGHFNNX;
				INFOPLIST_FILE = CalibreSyncExtension/Info.plist;
				LD_RUNPATH_SEARCH_PATHS = (
					"$(inherited)",
					"@executable_path/Frameworks",
					"@executable_path/../../Frameworks",
				);
				PRODUCT_BUNDLE_IDENTIFIER = io.technologystrategy.CalibreSync.CalibreSyncExtension;
				PRODUCT_NAME = "$(TARGET_NAME)";
				SKIP_INSTALL = YES;
				SWIFT_VERSION = 4.2;
				TARGETED_DEVICE_FAMILY = "1,2";
			};
			name = Release;
		};
/* End XCBuildConfiguration section */

/* Begin XCConfigurationList section */
		8C3FBC2321CB518700F6706D /* Build configuration list for PBXProject "CalibreSync" */ = {
			isa = XCConfigurationList;
			buildConfigurations = (
				8C3FBC5021CB518900F6706D /* Debug */,
				8C3FBC5121CB518900F6706D /* Release */,
			);
			defaultConfigurationIsVisible = 0;
			defaultConfigurationName = Release;
		};
		8C3FBC5221CB518900F6706D /* Build configuration list for PBXNativeTarget "CalibreSync" */ = {
			isa = XCConfigurationList;
			buildConfigurations = (
				8C3FBC5321CB518900F6706D /* Debug */,
				8C3FBC5421CB518900F6706D /* Release */,
			);
			defaultConfigurationIsVisible = 0;
			defaultConfigurationName = Release;
		};
		8C3FBC5521CB518900F6706D /* Build configuration list for PBXNativeTarget "CalibreSyncTests" */ = {
			isa = XCConfigurationList;
			buildConfigurations = (
				8C3FBC5621CB518900F6706D /* Debug */,
				8C3FBC5721CB518900F6706D /* Release */,
			);
			defaultConfigurationIsVisible = 0;
			defaultConfigurationName = Release;
		};
		8C3FBC5821CB518900F6706D /* Build configuration list for PBXNativeTarget "CalibreSyncUITests" */ = {
			isa = XCConfigurationList;
			buildConfigurations = (
				8C3FBC5921CB518900F6706D /* Debug */,
				8C3FBC5A21CB518900F6706D /* Release */,
			);
			defaultConfigurationIsVisible = 0;
			defaultConfigurationName = Release;
		};
		8C3FBC7B21CB51A100F6706D /* Build configuration list for PBXNativeTarget "CalibreSyncExtensionUI" */ = {
			isa = XCConfigurationList;
			buildConfigurations = (
				8C3FBC7C21CB51A100F6706D /* Debug */,
				8C3FBC7D21CB51A100F6706D /* Release */,
			);
			defaultConfigurationIsVisible = 0;
			defaultConfigurationName = Release;
		};
		8C3FBC7E21CB51A100F6706D /* Build configuration list for PBXNativeTarget "CalibreSyncExtension" */ = {
			isa = XCConfigurationList;
			buildConfigurations = (
				8C3FBC7F21CB51A100F6706D /* Debug */,
				8C3FBC8021CB51A100F6706D /* Release */,
			);
			defaultConfigurationIsVisible = 0;
			defaultConfigurationName = Release;
		};
/* End XCConfigurationList section */
	};
	rootObject = 8C3FBC2021CB518700F6706D /* Project object */;
}
